<?xml version="1.0" encoding="UTF-8" standalone="yes" ?>
<CodeBlocks_project_file>
	<FileVersion major="1" minor="6" />
	<Project>
		<Option title="ccnumr" />
		<Option pch_mode="2" />
		<Option compiler="gcc" />
		<Build>
			<Target title="Release">
				<Option output="bin/Release/ccnumr" prefix_auto="1" extension_auto="1" />
				<Option object_output="obj/Release/" />
				<Option type="1" />
				<Option compiler="gcc" />
				<Compiler>
					<Add option="-O2" />
					<Add option="-iquote ../include" />
					<Add option="-iquote src/include" />
				</Compiler>
				<Linker>
					<Add option="-s" />
					<Add option="-pthread" />
					<Add option="-lm" />
					<Add library="../lib/libccnu.a" />
					<Add library="../lib/libcon.a" />
				</Linker>
			</Target>
		</Build>
		<Compiler>
			<Add option="-Wall" />
		</Compiler>
		<Unit filename="src/ccnumr.c">
			<Option compilerVar="CC" />
		</Unit>
		<Unit filename="src/ccnumr_listener.c">
			<Option compilerVar="CC" />
		</Unit>
		<Unit filename="src/ccnumr_net_listener.c">
			<Option compilerVar="CC" />
		</Unit>
		<Unit filename="src/ccnumrd.c">
			<Option compilerVar="CC" />
		</Unit>
		<Unit filename="src/ccnumrd_main.c">
			<Option compilerVar="CC" />
		</Unit>
		<Unit filename="src/cluster.c">
			<Option compilerVar="CC" />
		</Unit>
		<Unit filename="src/distance_table.c">
			<Option compilerVar="CC" />
		</Unit>
		<Unit filename="src/grid.c">
			<Option compilerVar="CC" />
		</Unit>
		<Unit filename="src/include/ccnumr_listener.h" />
		<Unit filename="src/include/ccnumr_net_listener.h" />
		<Unit filename="src/include/ccnumr_test.h" />
		<Unit filename="src/include/ccnumrd.h" />
		<Unit filename="src/include/ccnumrd_constants.h" />
		<Unit filename="src/include/cluster.h" />
		<Unit filename="src/include/distance_table.h" />
		<Unit filename="src/include/grid.h" />
		<Unit filename="src/include/strategy.h" />
		<Unit filename="src/strategy.c">
			<Option compilerVar="CC" />
		</Unit>
		<Unit filename="src/tests/ccnumr_test.c">
			<Option compilerVar="CC" />
		</Unit>
		<Unit filename="src/tests/net_test.c">
			<Option compilerVar="CC" />
		</Unit>
		<Extensions>
			<code_completion />
			<debugger />
		</Extensions>
	</Project>
</CodeBlocks_project_file>
