<?xml version="1.0" encoding="UTF-8" standalone="yes" ?>
<CodeBlocks_project_file>
	<FileVersion major="1" minor="6" />
	<Project>
		<Option title="bfr" />
		<Option pch_mode="2" />
		<Option compiler="gcc" />
		<Build>
			<Target title="Debug">
				<Option output="bin/Debug/bfr" prefix_auto="1" extension_auto="1" />
				<Option object_output="obj/Debug/" />
				<Option type="1" />
				<Option compiler="gcc" />
				<Compiler>
					<Add option="-g" />
					<Add option="-iquote src/include" />
					<Add option="-iquote ../include" />
				</Compiler>
				<Linker>
					<Add option="-lm" />
					<Add option="-pthread" />
					<Add library="../lib/libcon.a" />
					<Add library="../lib/libccnu.a" />
				</Linker>
			</Target>
			<Target title="Release">
				<Option output="bin/Release/bfr" prefix_auto="1" extension_auto="1" />
				<Option object_output="obj/Release/" />
				<Option type="1" />
				<Option compiler="gcc" />
				<Compiler>
					<Add option="-O2" />
				</Compiler>
				<Linker>
					<Add option="-s" />
				</Linker>
			</Target>
		</Build>
		<Compiler>
			<Add option="-Wall" />
		</Compiler>
		<Unit filename="src/bfr.c">
			<Option compilerVar="CC" />
		</Unit>
		<Unit filename="src/bfr_listener.c">
			<Option compilerVar="CC" />
		</Unit>
		<Unit filename="src/bfr_net_listener.c">
			<Option compilerVar="CC" />
		</Unit>
		<Unit filename="src/bfrd.c">
			<Option compilerVar="CC" />
		</Unit>
		<Unit filename="src/bfrd_main.c">
			<Option compilerVar="CC" />
		</Unit>
		<Unit filename="src/cluster.c">
			<Option compilerVar="CC" />
		</Unit>
		<Unit filename="src/distance_table.c">
			<Option compilerVar="CC" />
		</Unit>
		<Unit filename="src/grid.c">
			<Option compilerVar="CC" />
		</Unit>
		<Unit filename="src/include/bfr_listener.h" />
		<Unit filename="src/include/bfr_net_listener.h" />
		<Unit filename="src/include/bfr_test.h" />
		<Unit filename="src/include/bfrd.h" />
		<Unit filename="src/include/bfrd_constants.h" />
		<Unit filename="src/include/cluster.h" />
		<Unit filename="src/include/distance_table.h" />
		<Unit filename="src/include/grid.h" />
		<Unit filename="src/include/strategy.h" />
		<Unit filename="src/strategy.c">
			<Option compilerVar="CC" />
		</Unit>
		<Unit filename="src/tests/bfr_test.c">
			<Option compilerVar="CC" />
		</Unit>
		<Extensions>
			<code_completion />
			<debugger />
		</Extensions>
	</Project>
</CodeBlocks_project_file>
